
Microsoft Visual Studio Solution File, Format Version 12.00
# Visual Studio Version 16
VisualStudioVersion = 16.0.34729.46
MinimumVisualStudioVersion = 10.0.40219.1
Project("{FAE04EC0-301F-11D3-BF4B-00C04F79EFBC}") = "wt1", "wt1\wt1.csproj", "{BB171778-1E83-4F3A-95A3-4A5C0CAB5B23}"
EndProject
Project("{FAE04EC0-301F-11D3-BF4B-00C04F79EFBC}") = "BLL", "BLL\BLL.csproj", "{9A5416C6-33C9-423E-9E43-D539CBB83EC9}"
EndProject
Project("{FAE04EC0-301F-11D3-BF4B-00C04F79EFBC}") = "DAL", "DAL\DAL.csproj", "{C39FFA23-836C-4563-BE54-B237B2A8A314}"
EndProject
Project("{FAE04EC0-301F-11D3-BF4B-00C04F79EFBC}") = "AppProps", "AppProps\AppProps.csproj", "{B2F63F3E-D2E1-4FCD-9727-F2C761AD6CFA}"
EndProject
Project("{FAE04EC0-301F-11D3-BF4B-00C04F79EFBC}") = "3 tier windows", "3 tier windows\3 tier windows.csproj", "{5ED0C96A-D393-4BAA-B86E-F5125D3553DF}"
EndProject
Global
	GlobalSection(SolutionConfigurationPlatforms) = preSolution
		Debug|Any CPU = Debug|Any CPU
		Release|Any CPU = Release|Any CPU
	EndGlobalSection
	GlobalSection(ProjectConfigurationPlatforms) = postSolution
		{BB171778-1E83-4F3A-95A3-4A5C0CAB5B23}.Debug|Any CPU.ActiveCfg = Debug|Any CPU
		{BB171778-1E83-4F3A-95A3-4A5C0CAB5B23}.Debug|Any CPU.Build.0 = Debug|Any CPU
		{BB171778-1E83-4F3A-95A3-4A5C0CAB5B23}.Release|Any CPU.ActiveCfg = Release|Any CPU
		{BB171778-1E83-4F3A-95A3-4A5C0CAB5B23}.Release|Any CPU.Build.0 = Release|Any CPU
		{9A5416C6-33C9-423E-9E43-D539CBB83EC9}.Debug|Any CPU.ActiveCfg = Debug|Any CPU
		{9A5416C6-33C9-423E-9E43-D539CBB83EC9}.Debug|Any CPU.Build.0 = Debug|Any CPU
		{9A5416C6-33C9-423E-9E43-D539CBB83EC9}.Release|Any CPU.ActiveCfg = Release|Any CPU
		{9A5416C6-33C9-423E-9E43-D539CBB83EC9}.Release|Any CPU.Build.0 = Release|Any CPU
		{C39FFA23-836C-4563-BE54-B237B2A8A314}.Debug|Any CPU.ActiveCfg = Debug|Any CPU
		{C39FFA23-836C-4563-BE54-B237B2A8A314}.Debug|Any CPU.Build.0 = Debug|Any CPU
		{C39FFA23-836C-4563-BE54-B237B2A8A314}.Release|Any CPU.ActiveCfg = Release|Any CPU
		{C39FFA23-836C-4563-BE54-B237B2A8A314}.Release|Any CPU.Build.0 = Release|Any CPU
		{B2F63F3E-D2E1-4FCD-9727-F2C761AD6CFA}.Debug|Any CPU.ActiveCfg = Debug|Any CPU
		{B2F63F3E-D2E1-4FCD-9727-F2C761AD6CFA}.Debug|Any CPU.Build.0 = Debug|Any CPU
		{B2F63F3E-D2E1-4FCD-9727-F2C761AD6CFA}.Release|Any CPU.ActiveCfg = Release|Any CPU
		{B2F63F3E-D2E1-4FCD-9727-F2C761AD6CFA}.Release|Any CPU.Build.0 = Release|Any CPU
		{5ED0C96A-D393-4BAA-B86E-F5125D3553DF}.Debug|Any CPU.ActiveCfg = Debug|Any CPU
		{5ED0C96A-D393-4BAA-B86E-F5125D3553DF}.Debug|Any CPU.Build.0 = Debug|Any CPU
		{5ED0C96A-D393-4BAA-B86E-F5125D3553DF}.Release|Any CPU.ActiveCfg = Release|Any CPU
		{5ED0C96A-D393-4BAA-B86E-F5125D3553DF}.Release|Any CPU.Build.0 = Release|Any CPU
	EndGlobalSection
	GlobalSection(SolutionProperties) = preSolution
		HideSolutionNode = FALSE
	EndGlobalSection
	GlobalSection(ExtensibilityGlobals) = postSolution
		SolutionGuid = {70F801DC-78ED-4B7B-874B-69FE1870405D}
	EndGlobalSection
EndGlobal
